
Microsoft Visual Studio Solution File, Format Version 12.00
Project("{2150E333-8FDC-42A3-9474-1A3956D46DE8}") = "src", "src", "{426D4542-7407-4F9A-B82C-030798B951FC}"
EndProject
Project("{FAE04EC0-301F-11D3-BF4B-00C04F79EFBC}") = "LogExplorer", "LogExplorer\LogExplorer.csproj", "{06A1C841-F678-4F46-A2CD-7FC6D509F749}"
EndProject
Global
	GlobalSection(SolutionConfigurationPlatforms) = preSolution
		Debug|Any CPU = Debug|Any CPU
		Release|Any CPU = Release|Any CPU
	EndGlobalSection
	GlobalSection(ProjectConfigurationPlatforms) = postSolution
		{06A1C841-F678-4F46-A2CD-7FC6D509F749}.Debug|Any CPU.ActiveCfg = Debug|Any CPU
		{06A1C841-F678-4F46-A2CD-7FC6D509F749}.Debug|Any CPU.Build.0 = Debug|Any CPU
		{06A1C841-F678-4F46-A2CD-7FC6D509F749}.Release|Any CPU.ActiveCfg = Release|Any CPU
		{06A1C841-F678-4F46-A2CD-7FC6D509F749}.Release|Any CPU.Build.0 = Release|Any CPU
	EndGlobalSection
	GlobalSection(NestedProjects) = preSolution
		{06A1C841-F678-4F46-A2CD-7FC6D509F749} = {426D4542-7407-4F9A-B82C-030798B951FC}
	EndGlobalSection
EndGlobal
